<?xml version="1.0" encoding="utf-8"?>
<Project ToolsVersion="4.0" xmlns="http://schemas.microsoft.com/developer/msbuild/2003">
  <ItemGroup>
    <Filter Include="Source Files">
      <UniqueIdentifier>{4FC737F1-C7A5-4376-A066-2A32D752A2FF}</UniqueIdentifier>
      <Extensions>cpp;c;cc;cxx;def;odl;idl;hpj;bat;asm;asmx</Extensions>
    </Filter>
    <Filter Include="Header Files">
      <UniqueIdentifier>{93995380-89BD-4b04-88EB-625FBE52EBFB}</UniqueIdentifier>
      <Extensions>h;hpp;hxx;hm;inl;inc;xsd</Extensions>
    </Filter>
    <Filter Include="Resource Files">
      <UniqueIdentifier>{67DA6AB6-F800-4c08-8B7A-83BB121AAD01}</UniqueIdentifier>
      <Extensions>rc;ico;cur;bmp;dlg;rc2;rct;bin;rgs;gif;jpg;jpeg;jpe;resx;tiff;tif;png;wav;mfcribbon-ms</Extensions>
    </Filter>
    <Filter Include="Params">
      <UniqueIdentifier>{a61126f6-86f0-4d3e-b847-5da294b53354}</UniqueIdentifier>
    </Filter>
    <Filter Include="Constants">
      <UniqueIdentifier>{e04c632e-6c3e-4e17-9b87-8dbd664c3e35}</UniqueIdentifier>
    </Filter>
    <Filter Include="Block Buster Code">
      <UniqueIdentifier>{bd756031-f10a-4c37-9a11-7859e7f33146}</UniqueIdentifier>
    </Filter>
    <Filter Include="Block Buster Code\Messaging">
      <UniqueIdentifier>{980ba84d-68a3-47bf-a9f3-371cc9ddc9b7}</UniqueIdentifier>
    </Filter>
    <Filter Include="Block Buster Code\Space">
      <UniqueIdentifier>{d7360833-f927-46db-bccd-4ae89d2a4caa}</UniqueIdentifier>
    </Filter>
    <Filter Include="Block Buster Code\Entities">
      <UniqueIdentifier>{7e26328c-f174-4797-b228-ac4df0a8c0d2}</UniqueIdentifier>
    </Filter>
  </ItemGroup>
  <ItemGroup>
    <ClCompile Include="main.cpp">
      <Filter>Source Files</Filter>
    </ClCompile>
    <ClCompile Include="source\Cgdi.cpp">
      <Filter>Source Files</Filter>
    </ClCompile>
    <ClCompile Include="source\ParamLoader.cpp">
      <Filter>Source Files</Filter>
    </ClCompile>
    <ClCompile Include="source\iniFileLoaderBase.cpp">
      <Filter>Source Files</Filter>
    </ClCompile>
    <ClCompile Include="source\PrecisionTimer.cpp">
      <Filter>Source Files</Filter>
    </ClCompile>
    <ClCompile Include="source\Vector2D.cpp">
      <Filter>Source Files</Filter>
    </ClCompile>
    <ClCompile Include="source\WindowUtils.cpp">
      <Filter>Source Files</Filter>
    </ClCompile>
  </ItemGroup>
  <ItemGroup>
    <ClInclude Include="headers\C2DMatrix.h">
      <Filter>Header Files</Filter>
    </ClInclude>
    <ClInclude Include="headers\Cgdi.h">
      <Filter>Header Files</Filter>
    </ClInclude>
    <ClInclude Include="headers\geometry.h">
      <Filter>Header Files</Filter>
    </ClInclude>
    <ClInclude Include="headers\iniFileLoaderBase.h">
      <Filter>Header Files</Filter>
    </ClInclude>
    <ClInclude Include="headers\ParamLoader.h">
      <Filter>Header Files</Filter>
    </ClInclude>
    <ClInclude Include="headers\constants.h">
      <Filter>Constants</Filter>
    </ClInclude>
    <ClInclude Include="game\space\Grid.hpp">
      <Filter>Block Buster Code\Space</Filter>
    </ClInclude>
    <ClInclude Include="game\messaging\Message.hpp">
      <Filter>Block Buster Code\Messaging</Filter>
    </ClInclude>
    <ClInclude Include="game\messaging\Messageable.hpp">
      <Filter>Block Buster Code\Messaging</Filter>
    </ClInclude>
    <ClInclude Include="game\messaging\MessageDispatcher.hpp">
      <Filter>Block Buster Code\Messaging</Filter>
    </ClInclude>
    <ClInclude Include="headers\PrecisionTimer.h">
      <Filter>Header Files</Filter>
    </ClInclude>
    <ClInclude Include="headers\Transformations.h">
      <Filter>Header Files</Filter>
    </ClInclude>
    <ClInclude Include="headers\utils.h">
      <Filter>Header Files</Filter>
    </ClInclude>
    <ClInclude Include="headers\Stream_Utility_Functions.h">
      <Filter>Header Files</Filter>
    </ClInclude>
    <ClInclude Include="headers\Vector2D.h">
      <Filter>Header Files</Filter>
    </ClInclude>
    <ClInclude Include="headers\WindowUtils.h">
      <Filter>Header Files</Filter>
    </ClInclude>
    <ClInclude Include="game\space\World.hpp">
      <Filter>Block Buster Code</Filter>
    </ClInclude>
    <ClInclude Include="headers\resource.h">
      <Filter>Resource Files</Filter>
    </ClInclude>
    <ClInclude Include="game\messaging\MessageTypes.h">
      <Filter>Block Buster Code\Messaging</Filter>
    </ClInclude>
    <ClInclude Include="game\motion\Movement.hpp">
      <Filter>Header Files</Filter>
    </ClInclude>
    <ClInclude Include="game\motion\Kinematic.hpp">
      <Filter>Header Files</Filter>
    </ClInclude>
    <ClInclude Include="game\entities\Entity.hpp">
      <Filter>Block Buster Code\Entities</Filter>
    </ClInclude>
    <ClInclude Include="game\Container.hpp">
      <Filter>Header Files</Filter>
    </ClInclude>
    <ClInclude Include="game\space\Bounds.hpp">
      <Filter>Header Files</Filter>
    </ClInclude>
    <ClInclude Include="game\Game.hpp">
      <Filter>Header Files</Filter>
    </ClInclude>
    <ClInclude Include="game\flow\Scene.hpp">
      <Filter>Header Files</Filter>
    </ClInclude>
    <ClInclude Include="game\entities\NamedEntity.h">
      <Filter>Header Files</Filter>
    </ClInclude>
    <ClInclude Include="game\flow\Transition.h">
      <Filter>Header Files</Filter>
    </ClInclude>
    <ClInclude Include="game\flow\Updater.h">
      <Filter>Header Files</Filter>
    </ClInclude>
  </ItemGroup>
  <ItemGroup>
    <None Include="options\Params.ini">
      <Filter>Params</Filter>
    </None>
  </ItemGroup>
</Project>